{
    "version": "10.4.1-1",
    "lockfileVersion": 1,
    "requires": true,
    "dependencies": {
        "@collboard/modules-sdk": {
            "version": "10.4.1",
            "resolved": "https://registry.npmjs.org/@collboard/modules-sdk/-/modules-sdk-10.4.1.tgz",
            "integrity": "sha512-RwJDDUzJ2XUiDKx5iKSyUaTsCbfoXLcM4gx5/LmlvOVrWsvu+vKMTurOv2csPsOpKw9hQZ3bhCNt88G/G2T/hw=="
        }
    }
}
